
Microsoft Visual Studio Solution File, Format Version 12.00
# Visual Studio Version 17
VisualStudioVersion = 17.5.33516.290
MinimumVisualStudioVersion = 10.0.40219.1
Project("{FAE04EC0-301F-11D3-BF4B-00C04F79EFBC}") = "Kripto", "Kripto\Kripto.csproj", "{43F7F84C-DD48-4B85-BB00-0363FDFAAFDA}"
EndProject
Global
	GlobalSection(SolutionConfigurationPlatforms) = preSolution
		Debug|Any CPU = Debug|Any CPU
		Release|Any CPU = Release|Any CPU
	EndGlobalSection
	GlobalSection(ProjectConfigurationPlatforms) = postSolution
		{43F7F84C-DD48-4B85-BB00-0363FDFAAFDA}.Debug|Any CPU.ActiveCfg = Debug|Any CPU
		{43F7F84C-DD48-4B85-BB00-0363FDFAAFDA}.Debug|Any CPU.Build.0 = Debug|Any CPU
		{43F7F84C-DD48-4B85-BB00-0363FDFAAFDA}.Release|Any CPU.ActiveCfg = Release|Any CPU
		{43F7F84C-DD48-4B85-BB00-0363FDFAAFDA}.Release|Any CPU.Build.0 = Release|Any CPU
	EndGlobalSection
	GlobalSection(SolutionProperties) = preSolution
		HideSolutionNode = FALSE
	EndGlobalSection
	GlobalSection(ExtensibilityGlobals) = postSolution
		SolutionGuid = {C0D55AC0-8F1D-4088-B129-F4B57AC354B6}
	EndGlobalSection
EndGlobal
